
Microsoft Visual Studio Solution File, Format Version 12.00
# Visual Studio Version 16
VisualStudioVersion = 16.0.31727.386
MinimumVisualStudioVersion = 10.0.40219.1
Project("{8BC9CEB8-8B4A-11D0-8D11-00A0C91BC942}") = "Taki project tests", "Taki project tests\Taki project tests.vcxproj", "{D4F3E2A2-E998-42C3-8E63-9115C99DD8FE}"
EndProject
Project("{8BC9CEB8-8B4A-11D0-8D11-00A0C91BC942}") = "test1", "test1\test1.vcxproj", "{39BB6AF3-EBA3-48A9-8BE4-534AE379501F}"
EndProject
Global
	GlobalSection(SolutionConfigurationPlatforms) = preSolution
		Debug|x64 = Debug|x64
		Debug|x86 = Debug|x86
		Release|x64 = Release|x64
		Release|x86 = Release|x86
	EndGlobalSection
	GlobalSection(ProjectConfigurationPlatforms) = postSolution
		{D4F3E2A2-E998-42C3-8E63-9115C99DD8FE}.Debug|x64.ActiveCfg = Debug|x64
		{D4F3E2A2-E998-42C3-8E63-9115C99DD8FE}.Debug|x64.Build.0 = Debug|x64
		{D4F3E2A2-E998-42C3-8E63-9115C99DD8FE}.Debug|x86.ActiveCfg = Debug|Win32
		{D4F3E2A2-E998-42C3-8E63-9115C99DD8FE}.Debug|x86.Build.0 = Debug|Win32
		{D4F3E2A2-E998-42C3-8E63-9115C99DD8FE}.Release|x64.ActiveCfg = Release|x64
		{D4F3E2A2-E998-42C3-8E63-9115C99DD8FE}.Release|x64.Build.0 = Release|x64
		{D4F3E2A2-E998-42C3-8E63-9115C99DD8FE}.Release|x86.ActiveCfg = Release|Win32
		{D4F3E2A2-E998-42C3-8E63-9115C99DD8FE}.Release|x86.Build.0 = Release|Win32
		{39BB6AF3-EBA3-48A9-8BE4-534AE379501F}.Debug|x64.ActiveCfg = Debug|x64
		{39BB6AF3-EBA3-48A9-8BE4-534AE379501F}.Debug|x64.Build.0 = Debug|x64
		{39BB6AF3-EBA3-48A9-8BE4-534AE379501F}.Debug|x86.ActiveCfg = Debug|Win32
		{39BB6AF3-EBA3-48A9-8BE4-534AE379501F}.Debug|x86.Build.0 = Debug|Win32
		{39BB6AF3-EBA3-48A9-8BE4-534AE379501F}.Release|x64.ActiveCfg = Release|x64
		{39BB6AF3-EBA3-48A9-8BE4-534AE379501F}.Release|x64.Build.0 = Release|x64
		{39BB6AF3-EBA3-48A9-8BE4-534AE379501F}.Release|x86.ActiveCfg = Release|Win32
		{39BB6AF3-EBA3-48A9-8BE4-534AE379501F}.Release|x86.Build.0 = Release|Win32
	EndGlobalSection
	GlobalSection(SolutionProperties) = preSolution
		HideSolutionNode = FALSE
	EndGlobalSection
	GlobalSection(ExtensibilityGlobals) = postSolution
		SolutionGuid = {832DECB7-7BBC-4838-8C99-3146D0983E37}
	EndGlobalSection
EndGlobal
